// !$*UTF8*$!
{
	archiveVersion = 1;
	classes = {
	};
	objectVersion = 51;
	objects = {

/* Begin PBXBuildFile section */
		2B022421252EFBF100DD86FF /* BarcodeService.swift in Sources */ = {isa = PBXBuildFile; fileRef = 2B022420252EFBF100DD86FF /* BarcodeService.swift */; };
		2B031ACD2533403B00CA7D82 /* Code.swift in Sources */ = {isa = PBXBuildFile; fileRef = 2B031ACC2533403B00CA7D82 /* Code.swift */; };
		2B031AD1253487F000CA7D82 /* ProductVC.swift in Sources */ = {isa = PBXBuildFile; fileRef = 2B031AD0253487F000CA7D82 /* ProductVC.swift */; };
		2B031AD32534A1A400CA7D82 /* CheckOutVC.swift in Sources */ = {isa = PBXBuildFile; fileRef = 2B031AD22534A1A400CA7D82 /* CheckOutVC.swift */; };
		2B031AD52534A22E00CA7D82 /* OrderSummaryVC.swift in Sources */ = {isa = PBXBuildFile; fileRef = 2B031AD42534A22E00CA7D82 /* OrderSummaryVC.swift */; };
		2B048FBA2523B5B00006FCC6 /* AppDelegate.swift in Sources */ = {isa = PBXBuildFile; fileRef = 2B048FB92523B5B00006FCC6 /* AppDelegate.swift */; };
		2B048FBC2523B5B00006FCC6 /* SceneDelegate.swift in Sources */ = {isa = PBXBuildFile; fileRef = 2B048FBB2523B5B00006FCC6 /* SceneDelegate.swift */; };
		2B048FC52523B5B10006FCC6 /* Assets.xcassets in Resources */ = {isa = PBXBuildFile; fileRef = 2B048FC42523B5B10006FCC6 /* Assets.xcassets */; };
		2B048FC82523B5B10006FCC6 /* LaunchScreen.storyboard in Resources */ = {isa = PBXBuildFile; fileRef = 2B048FC62523B5B10006FCC6 /* LaunchScreen.storyboard */; };
		2B048FD32523B5B20006FCC6 /* TheBusyShopTests.swift in Sources */ = {isa = PBXBuildFile; fileRef = 2B048FD22523B5B20006FCC6 /* TheBusyShopTests.swift */; };
		2B048FE72523BE4E0006FCC6 /* Image.swift in Sources */ = {isa = PBXBuildFile; fileRef = 2B048FE62523BE4E0006FCC6 /* Image.swift */; };
		2B048FE92523C4C50006FCC6 /* CartVC.swift in Sources */ = {isa = PBXBuildFile; fileRef = 2B048FE82523C4C50006FCC6 /* CartVC.swift */; };
		2B0F0BB2252F0A5600211429 /* Constants.swift in Sources */ = {isa = PBXBuildFile; fileRef = 2B0F0BB1252F0A5600211429 /* Constants.swift */; };
		2B0F0BB4252F148500211429 /* AuthService.swift in Sources */ = {isa = PBXBuildFile; fileRef = 2B0F0BB3252F148500211429 /* AuthService.swift */; };
		2B14EF462538E31A00E7E2C8 /* Extensions.swift in Sources */ = {isa = PBXBuildFile; fileRef = 2B14EF452538E31A00E7E2C8 /* Extensions.swift */; };
		2BB508BB25289B9B009CDDE7 /* GoogleService-Info.plist in Resources */ = {isa = PBXBuildFile; fileRef = 2BB508BA25289B9B009CDDE7 /* GoogleService-Info.plist */; };
		2BB508BD2528A7D3009CDDE7 /* Barcodes.swift in Sources */ = {isa = PBXBuildFile; fileRef = 2BB508BC2528A7D3009CDDE7 /* Barcodes.swift */; };
		2BC42ED82525F50500FEE96F /* ScannerVC.swift in Sources */ = {isa = PBXBuildFile; fileRef = 2BC42ED72525F50500FEE96F /* ScannerVC.swift */; };
		2BF630CE25360F6300A792C4 /* CartCell.swift in Sources */ = {isa = PBXBuildFile; fileRef = 2B02241D252DEAAA00DD86FF /* CartCell.swift */; };
		30E0573146F179E8B8CE9494 /* Pods_TheBusyShop.framework in Frameworks */ = {isa = PBXBuildFile; fileRef = 8F01AD12970C944210EA3455 /* Pods_TheBusyShop.framework */; };
/* End PBXBuildFile section */

/* Begin PBXContainerItemProxy section */
		2B048FCF2523B5B20006FCC6 /* PBXContainerItemProxy */ = {
			isa = PBXContainerItemProxy;
			containerPortal = 2B048FAE2523B5AF0006FCC6 /* Project object */;
			proxyType = 1;
			remoteGlobalIDString = 2B048FB52523B5AF0006FCC6;
			remoteInfo = TheBusyShop;
		};
/* End PBXContainerItemProxy section */

/* Begin PBXFileReference section */
		07BECFA934F95BA1FF011D1B /* Pods-TheBusyShop.debug.xcconfig */ = {isa = PBXFileReference; includeInIndex = 1; lastKnownFileType = text.xcconfig; name = "Pods-TheBusyShop.debug.xcconfig"; path = "Target Support Files/Pods-TheBusyShop/Pods-TheBusyShop.debug.xcconfig"; sourceTree = "<group>"; };
		2B02241D252DEAAA00DD86FF /* CartCell.swift */ = {isa = PBXFileReference; lastKnownFileType = sourcecode.swift; path = CartCell.swift; sourceTree = "<group>"; };
		2B022420252EFBF100DD86FF /* BarcodeService.swift */ = {isa = PBXFileReference; lastKnownFileType = sourcecode.swift; path = BarcodeService.swift; sourceTree = "<group>"; };
		2B031ACC2533403B00CA7D82 /* Code.swift */ = {isa = PBXFileReference; lastKnownFileType = sourcecode.swift; path = Code.swift; sourceTree = "<group>"; };
		2B031AD0253487F000CA7D82 /* ProductVC.swift */ = {isa = PBXFileReference; lastKnownFileType = sourcecode.swift; path = ProductVC.swift; sourceTree = "<group>"; };
		2B031AD22534A1A400CA7D82 /* CheckOutVC.swift */ = {isa = PBXFileReference; lastKnownFileType = sourcecode.swift; path = CheckOutVC.swift; sourceTree = "<group>"; };
		2B031AD42534A22E00CA7D82 /* OrderSummaryVC.swift */ = {isa = PBXFileReference; lastKnownFileType = sourcecode.swift; path = OrderSummaryVC.swift; sourceTree = "<group>"; };
		2B048FB62523B5B00006FCC6 /* TheBusyShop.app */ = {isa = PBXFileReference; explicitFileType = wrapper.application; includeInIndex = 0; path = TheBusyShop.app; sourceTree = BUILT_PRODUCTS_DIR; };
		2B048FB92523B5B00006FCC6 /* AppDelegate.swift */ = {isa = PBXFileReference; lastKnownFileType = sourcecode.swift; path = AppDelegate.swift; sourceTree = "<group>"; };
		2B048FBB2523B5B00006FCC6 /* SceneDelegate.swift */ = {isa = PBXFileReference; lastKnownFileType = sourcecode.swift; path = SceneDelegate.swift; sourceTree = "<group>"; };
		2B048FC42523B5B10006FCC6 /* Assets.xcassets */ = {isa = PBXFileReference; lastKnownFileType = folder.assetcatalog; path = Assets.xcassets; sourceTree = "<group>"; };
		2B048FC72523B5B10006FCC6 /* Base */ = {isa = PBXFileReference; lastKnownFileType = file.storyboard; name = Base; path = Base.lproj/LaunchScreen.storyboard; sourceTree = "<group>"; };
		2B048FC92523B5B10006FCC6 /* Info.plist */ = {isa = PBXFileReference; lastKnownFileType = text.plist.xml; path = Info.plist; sourceTree = "<group>"; };
		2B048FCE2523B5B20006FCC6 /* TheBusyShopTests.xctest */ = {isa = PBXFileReference; explicitFileType = wrapper.cfbundle; includeInIndex = 0; path = TheBusyShopTests.xctest; sourceTree = BUILT_PRODUCTS_DIR; };
		2B048FD22523B5B20006FCC6 /* TheBusyShopTests.swift */ = {isa = PBXFileReference; lastKnownFileType = sourcecode.swift; path = TheBusyShopTests.swift; sourceTree = "<group>"; };
		2B048FD42523B5B20006FCC6 /* Info.plist */ = {isa = PBXFileReference; lastKnownFileType = text.plist.xml; path = Info.plist; sourceTree = "<group>"; };
		2B048FE62523BE4E0006FCC6 /* Image.swift */ = {isa = PBXFileReference; lastKnownFileType = sourcecode.swift; path = Image.swift; sourceTree = "<group>"; };
		2B048FE82523C4C50006FCC6 /* CartVC.swift */ = {isa = PBXFileReference; lastKnownFileType = sourcecode.swift; path = CartVC.swift; sourceTree = "<group>"; };
		2B0F0BB1252F0A5600211429 /* Constants.swift */ = {isa = PBXFileReference; lastKnownFileType = sourcecode.swift; path = Constants.swift; sourceTree = "<group>"; };
		2B0F0BB3252F148500211429 /* AuthService.swift */ = {isa = PBXFileReference; lastKnownFileType = sourcecode.swift; path = AuthService.swift; sourceTree = "<group>"; };
		2B14EF452538E31A00E7E2C8 /* Extensions.swift */ = {isa = PBXFileReference; lastKnownFileType = sourcecode.swift; path = Extensions.swift; sourceTree = "<group>"; };
		2BB508BA25289B9B009CDDE7 /* GoogleService-Info.plist */ = {isa = PBXFileReference; lastKnownFileType = text.plist.xml; path = "GoogleService-Info.plist"; sourceTree = "<group>"; };
		2BB508BC2528A7D3009CDDE7 /* Barcodes.swift */ = {isa = PBXFileReference; lastKnownFileType = sourcecode.swift; path = Barcodes.swift; sourceTree = "<group>"; };
		2BC42ED72525F50500FEE96F /* ScannerVC.swift */ = {isa = PBXFileReference; lastKnownFileType = sourcecode.swift; path = ScannerVC.swift; sourceTree = "<group>"; };
		8F01AD12970C944210EA3455 /* Pods_TheBusyShop.framework */ = {isa = PBXFileReference; explicitFileType = wrapper.framework; includeInIndex = 0; path = Pods_TheBusyShop.framework; sourceTree = BUILT_PRODUCTS_DIR; };
		F42C98CF45D7AC4474A58AAF /* Pods-TheBusyShop.release.xcconfig */ = {isa = PBXFileReference; includeInIndex = 1; lastKnownFileType = text.xcconfig; name = "Pods-TheBusyShop.release.xcconfig"; path = "Target Support Files/Pods-TheBusyShop/Pods-TheBusyShop.release.xcconfig"; sourceTree = "<group>"; };
/* End PBXFileReference section */

/* Begin PBXFrameworksBuildPhase section */
		2B048FB32523B5AF0006FCC6 /* Frameworks */ = {
			isa = PBXFrameworksBuildPhase;
			buildActionMask = 2147483647;
			files = (
				30E0573146F179E8B8CE9494 /* Pods_TheBusyShop.framework in Frameworks */,
			);
			runOnlyForDeploymentPostprocessing = 0;
		};
		2B048FCB2523B5B20006FCC6 /* Frameworks */ = {
			isa = PBXFrameworksBuildPhase;
			buildActionMask = 2147483647;
			files = (
			);
			runOnlyForDeploymentPostprocessing = 0;
		};
/* End PBXFrameworksBuildPhase section */

/* Begin PBXGroup section */
		265512FC4D7C4998E94C887C /* Pods */ = {
			isa = PBXGroup;
			children = (
				07BECFA934F95BA1FF011D1B /* Pods-TheBusyShop.debug.xcconfig */,
				F42C98CF45D7AC4474A58AAF /* Pods-TheBusyShop.release.xcconfig */,
			);
			path = Pods;
			sourceTree = "<group>";
		};
		2B02241F252EFBE300DD86FF /* API */ = {
			isa = PBXGroup;
			children = (
				2B0F0BB3252F148500211429 /* AuthService.swift */,
				2B022420252EFBF100DD86FF /* BarcodeService.swift */,
			);
			path = API;
			sourceTree = "<group>";
		};
		2B048FAD2523B5AF0006FCC6 = {
			isa = PBXGroup;
			children = (
				2B048FB82523B5B00006FCC6 /* TheBusyShop */,
				2B048FD12523B5B20006FCC6 /* TheBusyShopTests */,
				2B048FB72523B5B00006FCC6 /* Products */,
				265512FC4D7C4998E94C887C /* Pods */,
				8DDC85DB0AC6C837B51F22C4 /* Frameworks */,
			);
			sourceTree = "<group>";
		};
		2B048FB72523B5B00006FCC6 /* Products */ = {
			isa = PBXGroup;
			children = (
				2B048FB62523B5B00006FCC6 /* TheBusyShop.app */,
				2B048FCE2523B5B20006FCC6 /* TheBusyShopTests.xctest */,
			);
			name = Products;
			sourceTree = "<group>";
		};
		2B048FB82523B5B00006FCC6 /* TheBusyShop */ = {
			isa = PBXGroup;
			children = (
				2B048FC42523B5B10006FCC6 /* Assets.xcassets */,
				2B0F0BB0252F0A4B00211429 /* Utils */,
				2B02241F252EFBE300DD86FF /* API */,
				2B048FDD2523B69B0006FCC6 /* Model */,
				2B048FDE2523B6A30006FCC6 /* View */,
				2B048FDF2523B6AB0006FCC6 /* Controller */,
				2B048FB92523B5B00006FCC6 /* AppDelegate.swift */,
				2B048FBB2523B5B00006FCC6 /* SceneDelegate.swift */,
				2B048FC62523B5B10006FCC6 /* LaunchScreen.storyboard */,
				2B048FC92523B5B10006FCC6 /* Info.plist */,
				2BB508BA25289B9B009CDDE7 /* GoogleService-Info.plist */,
			);
			path = TheBusyShop;
			sourceTree = "<group>";
		};
		2B048FD12523B5B20006FCC6 /* TheBusyShopTests */ = {
			isa = PBXGroup;
			children = (
				2B048FD22523B5B20006FCC6 /* TheBusyShopTests.swift */,
				2B048FD42523B5B20006FCC6 /* Info.plist */,
			);
			path = TheBusyShopTests;
			sourceTree = "<group>";
		};
		2B048FDD2523B69B0006FCC6 /* Model */ = {
			isa = PBXGroup;
			children = (
				2B048FE62523BE4E0006FCC6 /* Image.swift */,
				2BB508BC2528A7D3009CDDE7 /* Barcodes.swift */,
				2B031ACC2533403B00CA7D82 /* Code.swift */,
			);
			path = Model;
			sourceTree = "<group>";
		};
		2B048FDE2523B6A30006FCC6 /* View */ = {
			isa = PBXGroup;
			children = (
				2B02241D252DEAAA00DD86FF /* CartCell.swift */,
			);
			path = View;
			sourceTree = "<group>";
		};
		2B048FDF2523B6AB0006FCC6 /* Controller */ = {
			isa = PBXGroup;
			children = (
				2BC42ED72525F50500FEE96F /* ScannerVC.swift */,
				2B048FE82523C4C50006FCC6 /* CartVC.swift */,
				2B031AD0253487F000CA7D82 /* ProductVC.swift */,
				2B031AD22534A1A400CA7D82 /* CheckOutVC.swift */,
				2B031AD42534A22E00CA7D82 /* OrderSummaryVC.swift */,
			);
			path = Controller;
			sourceTree = "<group>";
		};
		2B0F0BB0252F0A4B00211429 /* Utils */ = {
			isa = PBXGroup;
			children = (
				2B0F0BB1252F0A5600211429 /* Constants.swift */,
				2B14EF452538E31A00E7E2C8 /* Extensions.swift */,
			);
			path = Utils;
			sourceTree = "<group>";
		};
		8DDC85DB0AC6C837B51F22C4 /* Frameworks */ = {
			isa = PBXGroup;
			children = (
				8F01AD12970C944210EA3455 /* Pods_TheBusyShop.framework */,
			);
			name = Frameworks;
			sourceTree = "<group>";
		};
/* End PBXGroup section */

/* Begin PBXNativeTarget section */
		2B048FB52523B5AF0006FCC6 /* TheBusyShop */ = {
			isa = PBXNativeTarget;
			buildConfigurationList = 2B048FD72523B5B20006FCC6 /* Build configuration list for PBXNativeTarget "TheBusyShop" */;
			buildPhases = (
				FD6D7944CA2A46ABC55C0229 /* [CP] Check Pods Manifest.lock */,
				2B048FB22523B5AF0006FCC6 /* Sources */,
				2B048FB32523B5AF0006FCC6 /* Frameworks */,
				2B048FB42523B5AF0006FCC6 /* Resources */,
				5DBBFB1D462F40FDE06C64E1 /* [CP] Embed Pods Frameworks */,
			);
			buildRules = (
			);
			dependencies = (
			);
			name = TheBusyShop;
			productName = TheBusyShop;
			productReference = 2B048FB62523B5B00006FCC6 /* TheBusyShop.app */;
			productType = "com.apple.product-type.application";
		};
		2B048FCD2523B5B20006FCC6 /* TheBusyShopTests */ = {
			isa = PBXNativeTarget;
			buildConfigurationList = 2B048FDA2523B5B20006FCC6 /* Build configuration list for PBXNativeTarget "TheBusyShopTests" */;
			buildPhases = (
				2B048FCA2523B5B20006FCC6 /* Sources */,
				2B048FCB2523B5B20006FCC6 /* Frameworks */,
				2B048FCC2523B5B20006FCC6 /* Resources */,
			);
			buildRules = (
			);
			dependencies = (
				2B048FD02523B5B20006FCC6 /* PBXTargetDependency */,
			);
			name = TheBusyShopTests;
			productName = TheBusyShopTests;
			productReference = 2B048FCE2523B5B20006FCC6 /* TheBusyShopTests.xctest */;
			productType = "com.apple.product-type.bundle.unit-test";
		};
/* End PBXNativeTarget section */

/* Begin PBXProject section */
		2B048FAE2523B5AF0006FCC6 /* Project object */ = {
			isa = PBXProject;
			attributes = {
				LastSwiftUpdateCheck = 1170;
				LastUpgradeCheck = 1170;
				ORGANIZATIONNAME = "Antonie Sander";
				TargetAttributes = {
					2B048FB52523B5AF0006FCC6 = {
						CreatedOnToolsVersion = 11.7;
					};
					2B048FCD2523B5B20006FCC6 = {
						CreatedOnToolsVersion = 11.7;
						TestTargetID = 2B048FB52523B5AF0006FCC6;
					};
				};
			};
			buildConfigurationList = 2B048FB12523B5AF0006FCC6 /* Build configuration list for PBXProject "TheBusyShop" */;
			compatibilityVersion = "Xcode 9.3";
			developmentRegion = en;
			hasScannedForEncodings = 0;
			knownRegions = (
				en,
				Base,
			);
			mainGroup = 2B048FAD2523B5AF0006FCC6;
			productRefGroup = 2B048FB72523B5B00006FCC6 /* Products */;
			projectDirPath = "";
			projectRoot = "";
			targets = (
				2B048FB52523B5AF0006FCC6 /* TheBusyShop */,
				2B048FCD2523B5B20006FCC6 /* TheBusyShopTests */,
			);
		};
/* End PBXProject section */

/* Begin PBXResourcesBuildPhase section */
		2B048FB42523B5AF0006FCC6 /* Resources */ = {
			isa = PBXResourcesBuildPhase;
			buildActionMask = 2147483647;
			files = (
				2B048FC82523B5B10006FCC6 /* LaunchScreen.storyboard in Resources */,
				2B048FC52523B5B10006FCC6 /* Assets.xcassets in Resources */,
				2BB508BB25289B9B009CDDE7 /* GoogleService-Info.plist in Resources */,
			);
			runOnlyForDeploymentPostprocessing = 0;
		};
		2B048FCC2523B5B20006FCC6 /* Resources */ = {
			isa = PBXResourcesBuildPhase;
			buildActionMask = 2147483647;
			files = (
			);
			runOnlyForDeploymentPostprocessing = 0;
		};
/* End PBXResourcesBuildPhase section */

/* Begin PBXShellScriptBuildPhase section */
		5DBBFB1D462F40FDE06C64E1 /* [CP] Embed Pods Frameworks */ = {
			isa = PBXShellScriptBuildPhase;
			buildActionMask = 2147483647;
			files = (
			);
			inputFileListPaths = (
				"${PODS_ROOT}/Target Support Files/Pods-TheBusyShop/Pods-TheBusyShop-frameworks-${CONFIGURATION}-input-files.xcfilelist",
			);
			name = "[CP] Embed Pods Frameworks";
			outputFileListPaths = (
				"${PODS_ROOT}/Target Support Files/Pods-TheBusyShop/Pods-TheBusyShop-frameworks-${CONFIGURATION}-output-files.xcfilelist",
			);
			runOnlyForDeploymentPostprocessing = 0;
			shellPath = /bin/sh;
			shellScript = "\"${PODS_ROOT}/Target Support Files/Pods-TheBusyShop/Pods-TheBusyShop-frameworks.sh\"\n";
			showEnvVarsInLog = 0;
		};
		FD6D7944CA2A46ABC55C0229 /* [CP] Check Pods Manifest.lock */ = {
			isa = PBXShellScriptBuildPhase;
			buildActionMask = 2147483647;
			files = (
			);
			inputFileListPaths = (
			);
			inputPaths = (
				"${PODS_PODFILE_DIR_PATH}/Podfile.lock",
				"${PODS_ROOT}/Manifest.lock",
			);
			name = "[CP] Check Pods Manifest.lock";
			outputFileListPaths = (
			);
			outputPaths = (
				"$(DERIVED_FILE_DIR)/Pods-TheBusyShop-checkManifestLockResult.txt",
			);
			runOnlyForDeploymentPostprocessing = 0;
			shellPath = /bin/sh;
			shellScript = "diff \"${PODS_PODFILE_DIR_PATH}/Podfile.lock\" \"${PODS_ROOT}/Manifest.lock\" > /dev/null\nif [ $? != 0 ] ; then\n    # print error to STDERR\n    echo \"error: The sandbox is not in sync with the Podfile.lock. Run 'pod install' or update your CocoaPods installation.\" >&2\n    exit 1\nfi\n# This output is used by Xcode 'outputs' to avoid re-running this script phase.\necho \"SUCCESS\" > \"${SCRIPT_OUTPUT_FILE_0}\"\n";
			showEnvVarsInLog = 0;
		};
/* End PBXShellScriptBuildPhase section */

/* Begin PBXSourcesBuildPhase section */
		2B048FB22523B5AF0006FCC6 /* Sources */ = {
			isa = PBXSourcesBuildPhase;
			buildActionMask = 2147483647;
			files = (
				2B0F0BB2252F0A5600211429 /* Constants.swift in Sources */,
				2B031ACD2533403B00CA7D82 /* Code.swift in Sources */,
				2BF630CE25360F6300A792C4 /* CartCell.swift in Sources */,
				2B0F0BB4252F148500211429 /* AuthService.swift in Sources */,
				2B048FE72523BE4E0006FCC6 /* Image.swift in Sources */,
				2B031AD32534A1A400CA7D82 /* CheckOutVC.swift in Sources */,
				2B048FE92523C4C50006FCC6 /* CartVC.swift in Sources */,
				2B031AD52534A22E00CA7D82 /* OrderSummaryVC.swift in Sources */,
				2B022421252EFBF100DD86FF /* BarcodeService.swift in Sources */,
				2B048FBA2523B5B00006FCC6 /* AppDelegate.swift in Sources */,
				2B14EF462538E31A00E7E2C8 /* Extensions.swift in Sources */,
				2BC42ED82525F50500FEE96F /* ScannerVC.swift in Sources */,
				2B031AD1253487F000CA7D82 /* ProductVC.swift in Sources */,
				2B048FBC2523B5B00006FCC6 /* SceneDelegate.swift in Sources */,
				2BB508BD2528A7D3009CDDE7 /* Barcodes.swift in Sources */,
			);
			runOnlyForDeploymentPostprocessing = 0;
		};
		2B048FCA2523B5B20006FCC6 /* Sources */ = {
			isa = PBXSourcesBuildPhase;
			buildActionMask = 2147483647;
			files = (
				2B048FD32523B5B20006FCC6 /* TheBusyShopTests.swift in Sources */,
			);
			runOnlyForDeploymentPostprocessing = 0;
		};
/* End PBXSourcesBuildPhase section */

/* Begin PBXTargetDependency section */
		2B048FD02523B5B20006FCC6 /* PBXTargetDependency */ = {
			isa = PBXTargetDependency;
			target = 2B048FB52523B5AF0006FCC6 /* TheBusyShop */;
			targetProxy = 2B048FCF2523B5B20006FCC6 /* PBXContainerItemProxy */;
		};
/* End PBXTargetDependency section */

/* Begin PBXVariantGroup section */
		2B048FC62523B5B10006FCC6 /* LaunchScreen.storyboard */ = {
			isa = PBXVariantGroup;
			children = (
				2B048FC72523B5B10006FCC6 /* Base */,
			);
			name = LaunchScreen.storyboard;
			sourceTree = "<group>";
		};
/* End PBXVariantGroup section */

/* Begin XCBuildConfiguration section */
		2B048FD52523B5B20006FCC6 /* Debug */ = {
			isa = XCBuildConfiguration;
			buildSettings = {
				ALWAYS_SEARCH_USER_PATHS = NO;
				CLANG_ANALYZER_NONNULL = YES;
				CLANG_ANALYZER_NUMBER_OBJECT_CONVERSION = YES_AGGRESSIVE;
				CLANG_CXX_LANGUAGE_STANDARD = "gnu++14";
				CLANG_CXX_LIBRARY = "libc++";
				CLANG_ENABLE_MODULES = YES;
				CLANG_ENABLE_OBJC_ARC = YES;
				CLANG_ENABLE_OBJC_WEAK = YES;
				CLANG_WARN_BLOCK_CAPTURE_AUTORELEASING = YES;
				CLANG_WARN_BOOL_CONVERSION = YES;
				CLANG_WARN_COMMA = YES;
				CLANG_WARN_CONSTANT_CONVERSION = YES;
				CLANG_WARN_DEPRECATED_OBJC_IMPLEMENTATIONS = YES;
				CLANG_WARN_DIRECT_OBJC_ISA_USAGE = YES_ERROR;
				CLANG_WARN_DOCUMENTATION_COMMENTS = YES;
				CLANG_WARN_EMPTY_BODY = YES;
				CLANG_WARN_ENUM_CONVERSION = YES;
				CLANG_WARN_INFINITE_RECURSION = YES;
				CLANG_WARN_INT_CONVERSION = YES;
				CLANG_WARN_NON_LITERAL_NULL_CONVERSION = YES;
				CLANG_WARN_OBJC_IMPLICIT_RETAIN_SELF = YES;
				CLANG_WARN_OBJC_LITERAL_CONVERSION = YES;
				CLANG_WARN_OBJC_ROOT_CLASS = YES_ERROR;
				CLANG_WARN_RANGE_LOOP_ANALYSIS = YES;
				CLANG_WARN_STRICT_PROTOTYPES = YES;
				CLANG_WARN_SUSPICIOUS_MOVE = YES;
				CLANG_WARN_UNGUARDED_AVAILABILITY = YES_AGGRESSIVE;
				CLANG_WARN_UNREACHABLE_CODE = YES;
				CLANG_WARN__DUPLICATE_METHOD_MATCH = YES;
				COPY_PHASE_STRIP = NO;
				DEBUG_INFORMATION_FORMAT = dwarf;
				ENABLE_STRICT_OBJC_MSGSEND = YES;
				ENABLE_TESTABILITY = YES;
				GCC_C_LANGUAGE_STANDARD = gnu11;
				GCC_DYNAMIC_NO_PIC = NO;
				GCC_NO_COMMON_BLOCKS = YES;
				GCC_OPTIMIZATION_LEVEL = 0;
				GCC_PREPROCESSOR_DEFINITIONS = (
					"DEBUG=1",
					"$(inherited)",
				);
				GCC_WARN_64_TO_32_BIT_CONVERSION = YES;
				GCC_WARN_ABOUT_RETURN_TYPE = YES_ERROR;
				GCC_WARN_UNDECLARED_SELECTOR = YES;
				GCC_WARN_UNINITIALIZED_AUTOS = YES_AGGRESSIVE;
				GCC_WARN_UNUSED_FUNCTION = YES;
				GCC_WARN_UNUSED_VARIABLE = YES;
				IPHONEOS_DEPLOYMENT_TARGET = 13.0;
				MTL_ENABLE_DEBUG_INFO = INCLUDE_SOURCE;
				MTL_FAST_MATH = YES;
				ONLY_ACTIVE_ARCH = YES;
				SDKROOT = iphoneos;
				SWIFT_ACTIVE_COMPILATION_CONDITIONS = DEBUG;
				SWIFT_OPTIMIZATION_LEVEL = "-Onone";
				SWIFT_VERSION = 4.2;
			};
			name = Debug;
		};
		2B048FD62523B5B20006FCC6 /* Release */ = {
			isa = XCBuildConfiguration;
			buildSettings = {
				ALWAYS_SEARCH_USER_PATHS = NO;
				CLANG_ANALYZER_NONNULL = YES;
				CLANG_ANALYZER_NUMBER_OBJECT_CONVERSION = YES_AGGRESSIVE;
				CLANG_CXX_LANGUAGE_STANDARD = "gnu++14";
				CLANG_CXX_LIBRARY = "libc++";
				CLANG_ENABLE_MODULES = YES;
				CLANG_ENABLE_OBJC_ARC = YES;
				CLANG_ENABLE_OBJC_WEAK = YES;
				CLANG_WARN_BLOCK_CAPTURE_AUTORELEASING = YES;
				CLANG_WARN_BOOL_CONVERSION = YES;
				CLANG_WARN_COMMA = YES;
				CLANG_WARN_CONSTANT_CONVERSION = YES;
				CLANG_WARN_DEPRECATED_OBJC_IMPLEMENTATIONS = YES;
				CLANG_WARN_DIRECT_OBJC_ISA_USAGE = YES_ERROR;
				CLANG_WARN_DOCUMENTATION_COMMENTS = YES;
				CLANG_WARN_EMPTY_BODY = YES;
				CLANG_WARN_ENUM_CONVERSION = YES;
				CLANG_WARN_INFINITE_RECURSION = YES;
				CLANG_WARN_INT_CONVERSION = YES;
				CLANG_WARN_NON_LITERAL_NULL_CONVERSION = YES;
				CLANG_WARN_OBJC_IMPLICIT_RETAIN_SELF = YES;
				CLANG_WARN_OBJC_LITERAL_CONVERSION = YES;
				CLANG_WARN_OBJC_ROOT_CLASS = YES_ERROR;
				CLANG_WARN_RANGE_LOOP_ANALYSIS = YES;
				CLANG_WARN_STRICT_PROTOTYPES = YES;
				CLANG_WARN_SUSPICIOUS_MOVE = YES;
				CLANG_WARN_UNGUARDED_AVAILABILITY = YES_AGGRESSIVE;
				CLANG_WARN_UNREACHABLE_CODE = YES;
				CLANG_WARN__DUPLICATE_METHOD_MATCH = YES;
				COPY_PHASE_STRIP = NO;
				DEBUG_INFORMATION_FORMAT = "dwarf-with-dsym";
				ENABLE_NS_ASSERTIONS = NO;
				ENABLE_STRICT_OBJC_MSGSEND = YES;
				GCC_C_LANGUAGE_STANDARD = gnu11;
				GCC_NO_COMMON_BLOCKS = YES;
				GCC_WARN_64_TO_32_BIT_CONVERSION = YES;
				GCC_WARN_ABOUT_RETURN_TYPE = YES_ERROR;
				GCC_WARN_UNDECLARED_SELECTOR = YES;
				GCC_WARN_UNINITIALIZED_AUTOS = YES_AGGRESSIVE;
				GCC_WARN_UNUSED_FUNCTION = YES;
				GCC_WARN_UNUSED_VARIABLE = YES;
				IPHONEOS_DEPLOYMENT_TARGET = 13.0;
				MTL_ENABLE_DEBUG_INFO = NO;
				MTL_FAST_MATH = YES;
				SDKROOT = iphoneos;
				SWIFT_COMPILATION_MODE = wholemodule;
				SWIFT_OPTIMIZATION_LEVEL = "-O";
				SWIFT_VERSION = 4.2;
				VALIDATE_PRODUCT = YES;
			};
			name = Release;
		};
		2B048FD82523B5B20006FCC6 /* Debug */ = {
			isa = XCBuildConfiguration;
			baseConfigurationReference = 07BECFA934F95BA1FF011D1B /* Pods-TheBusyShop.debug.xcconfig */;
			buildSettings = {
				ASSETCATALOG_COMPILER_APPICON_NAME = AppIcon;
				CODE_SIGN_STYLE = Automatic;
				DEVELOPMENT_TEAM = J5987KCXN8;
				INFOPLIST_FILE = TheBusyShop/Info.plist;
				IPHONEOS_DEPLOYMENT_TARGET = 13.0;
				LD_RUNPATH_SEARCH_PATHS = (
					"$(inherited)",
					"@executable_path/Frameworks",
				);
				PRODUCT_BUNDLE_IDENTIFIER = com.ikhokha.techcheck;
				PRODUCT_NAME = "$(TARGET_NAME)";
				SWIFT_VERSION = 4.2;
				TARGETED_DEVICE_FAMILY = 1;
			};
			name = Debug;
		};
		2B048FD92523B5B20006FCC6 /* Release */ = {
			isa = XCBuildConfiguration;
			baseConfigurationReference = F42C98CF45D7AC4474A58AAF /* Pods-TheBusyShop.release.xcconfig */;
			buildSettings = {
				ASSETCATALOG_COMPILER_APPICON_NAME = AppIcon;
				CODE_SIGN_STYLE = Automatic;
				DEVELOPMENT_TEAM = J5987KCXN8;
				INFOPLIST_FILE = TheBusyShop/Info.plist;
				IPHONEOS_DEPLOYMENT_TARGET = 13.0;
				LD_RUNPATH_SEARCH_PATHS = (
					"$(inherited)",
					"@executable_path/Frameworks",
				);
				PRODUCT_BUNDLE_IDENTIFIER = com.ikhokha.techcheck;
				PRODUCT_NAME = "$(TARGET_NAME)";
				SWIFT_VERSION = 4.2;
				TARGETED_DEVICE_FAMILY = 1;
			};
			name = Release;
		};
		2B048FDB2523B5B20006FCC6 /* Debug */ = {
			isa = XCBuildConfiguration;
			buildSettings = {
				ALWAYS_EMBED_SWIFT_STANDARD_LIBRARIES = YES;
				BUNDLE_LOADER = "$(TEST_HOST)";
				CODE_SIGN_STYLE = Automatic;
				DEVELOPMENT_TEAM = J5987KCXN8;
				INFOPLIST_FILE = TheBusyShopTests/Info.plist;
				IPHONEOS_DEPLOYMENT_TARGET = 13.0;
				LD_RUNPATH_SEARCH_PATHS = (
					"$(inherited)",
					"@executable_path/Frameworks",
					"@loader_path/Frameworks",
				);
				PRODUCT_BUNDLE_IDENTIFIER = com.antoniesander.TheBusyShopTests;
				PRODUCT_NAME = "$(TARGET_NAME)";
				SWIFT_VERSION = 5.0;
				TARGETED_DEVICE_FAMILY = "1,2";
				TEST_HOST = "$(BUILT_PRODUCTS_DIR)/TheBusyShop.app/TheBusyShop";
			};
			name = Debug;
		};
		2B048FDC2523B5B20006FCC6 /* Release */ = {
			isa = XCBuildConfiguration;
			buildSettings = {
				ALWAYS_EMBED_SWIFT_STANDARD_LIBRARIES = YES;
				BUNDLE_LOADER = "$(TEST_HOST)";
				CODE_SIGN_STYLE = Automatic;
				DEVELOPMENT_TEAM = J5987KCXN8;
				INFOPLIST_FILE = TheBusyShopTests/Info.plist;
				IPHONEOS_DEPLOYMENT_TARGET = 13.0;
				LD_RUNPATH_SEARCH_PATHS = (
					"$(inherited)",
					"@executable_path/Frameworks",
					"@loader_path/Frameworks",
				);
				PRODUCT_BUNDLE_IDENTIFIER = com.antoniesander.TheBusyShopTests;
				PRODUCT_NAME = "$(TARGET_NAME)";
				SWIFT_VERSION = 5.0;
				TARGETED_DEVICE_FAMILY = "1,2";
				TEST_HOST = "$(BUILT_PRODUCTS_DIR)/TheBusyShop.app/TheBusyShop";
			};
			name = Release;
		};
/* End XCBuildConfiguration section */

/* Begin XCConfigurationList section */
		2B048FB12523B5AF0006FCC6 /* Build configuration list for PBXProject "TheBusyShop" */ = {
			isa = XCConfigurationList;
			buildConfigurations = (
				2B048FD52523B5B20006FCC6 /* Debug */,
				2B048FD62523B5B20006FCC6 /* Release */,
			);
			defaultConfigurationIsVisible = 0;
			defaultConfigurationName = Release;
		};
		2B048FD72523B5B20006FCC6 /* Build configuration list for PBXNativeTarget "TheBusyShop" */ = {
			isa = XCConfigurationList;
			buildConfigurations = (
				2B048FD82523B5B20006FCC6 /* Debug */,
				2B048FD92523B5B20006FCC6 /* Release */,
			);
			defaultConfigurationIsVisible = 0;
			defaultConfigurationName = Release;
		};
		2B048FDA2523B5B20006FCC6 /* Build configuration list for PBXNativeTarget "TheBusyShopTests" */ = {
			isa = XCConfigurationList;
			buildConfigurations = (
				2B048FDB2523B5B20006FCC6 /* Debug */,
				2B048FDC2523B5B20006FCC6 /* Release */,
			);
			defaultConfigurationIsVisible = 0;
			defaultConfigurationName = Release;
		};
/* End XCConfigurationList section */
	};
	rootObject = 2B048FAE2523B5AF0006FCC6 /* Project object */;
}
